
Microsoft Visual Studio Solution File, Format Version 12.00
Project("{FAE04EC0-301F-11D3-BF4B-00C04F79EFBC}") = "eventWearCategories", "eventWearCategories\eventWearCategories.csproj", "{E9620095-CE09-40E0-B888-C4B3CC5F849B}"
EndProject
Global
	GlobalSection(SolutionConfigurationPlatforms) = preSolution
		Debug|Any CPU = Debug|Any CPU
		Release|Any CPU = Release|Any CPU
	EndGlobalSection
	GlobalSection(ProjectConfigurationPlatforms) = postSolution
		{E9620095-CE09-40E0-B888-C4B3CC5F849B}.Debug|Any CPU.ActiveCfg = Debug|Any CPU
		{E9620095-CE09-40E0-B888-C4B3CC5F849B}.Debug|Any CPU.Build.0 = Debug|Any CPU
		{E9620095-CE09-40E0-B888-C4B3CC5F849B}.Release|Any CPU.ActiveCfg = Release|Any CPU
		{E9620095-CE09-40E0-B888-C4B3CC5F849B}.Release|Any CPU.Build.0 = Release|Any CPU
	EndGlobalSection
EndGlobal
